
Microsoft Visual Studio Solution File, Format Version 12.00
# Visual Studio Version 16
VisualStudioVersion = 16.0.30907.101
MinimumVisualStudioVersion = 10.0.40219.1
Project("{FAE04EC0-301F-11D3-BF4B-00C04F79EFBC}") = "BankaMusteriTakibi", "BankaMusteriTakibi\BankaMusteriTakibi.csproj", "{4765272F-2529-4653-92FD-938016826109}"
EndProject
Global
	GlobalSection(SolutionConfigurationPlatforms) = preSolution
		Debug|Any CPU = Debug|Any CPU
		Release|Any CPU = Release|Any CPU
	EndGlobalSection
	GlobalSection(ProjectConfigurationPlatforms) = postSolution
		{4765272F-2529-4653-92FD-938016826109}.Debug|Any CPU.ActiveCfg = Debug|Any CPU
		{4765272F-2529-4653-92FD-938016826109}.Debug|Any CPU.Build.0 = Debug|Any CPU
		{4765272F-2529-4653-92FD-938016826109}.Release|Any CPU.ActiveCfg = Release|Any CPU
		{4765272F-2529-4653-92FD-938016826109}.Release|Any CPU.Build.0 = Release|Any CPU
	EndGlobalSection
	GlobalSection(SolutionProperties) = preSolution
		HideSolutionNode = FALSE
	EndGlobalSection
	GlobalSection(ExtensibilityGlobals) = postSolution
		SolutionGuid = {60B1EA90-16EE-4FE2-A2CA-ACCBC6F2E541}
	EndGlobalSection
EndGlobal
